
Microsoft Visual Studio Solution File, Format Version 9.00
# Visual Studio 2005
Project("{8BC9CEB8-8B4A-11D0-8D11-00A0C91BC942}") = "ReadDIB", "ReadDIB.vcproj", "{0C7395C9-FD3D-4332-8D3C-25262C93BBDF}"
EndProject
Global
	GlobalSection(SolutionConfigurationPlatforms) = preSolution
		Debug|Win32 = Debug|Win32
		Release|Win32 = Release|Win32
	EndGlobalSection
	GlobalSection(ProjectConfigurationPlatforms) = postSolution
		{0C7395C9-FD3D-4332-8D3C-25262C93BBDF}.Debug|Win32.ActiveCfg = Debug|Win32
		{0C7395C9-FD3D-4332-8D3C-25262C93BBDF}.Debug|Win32.Build.0 = Debug|Win32
		{0C7395C9-FD3D-4332-8D3C-25262C93BBDF}.Release|Win32.ActiveCfg = Release|Win32
		{0C7395C9-FD3D-4332-8D3C-25262C93BBDF}.Release|Win32.Build.0 = Release|Win32
	EndGlobalSection
	GlobalSection(SolutionProperties) = preSolution
		HideSolutionNode = FALSE
	EndGlobalSection
EndGlobal
